{
    "_meta": {
        "hash": {
            "sha256": "991ddb4ecaea362811439f922322ccf616d85a2b641841d05406fb0a4c2cf2cf"
        },
        "pipfile-spec": 6,
        "requires": {
            "python_version": "3.7"
        },
        "sources": [
            {
                "name": "pypi",
                "url": "https://pypi.org/simple",
                "verify_ssl": true
            }
        ]
    },
    "default": {
        "arctic": {
            "hashes": [
                "sha256:87a385c36fcf6a008f5f7837ffed00e840d205a6430f4d49ebfaed3b7876c374",
                "sha256:b194ee3e4232f2ff410b4513def98a7f97eda22d188488a4705dc62e9279080b",
                "sha256:f9121480ff5054fce43d75ab4c8257a1899820105f919aa783fa58ea2f35a25b"
            ],
            "index": "pypi",
            "version": "==1.79.1"
        },
        "asciichartpy": {
            "hashes": [
                "sha256:17a47204ce075f97d7286ece0e1a6ee32a78800bc3de76609432ae80eaa97a7c"
            ],
            "index": "pypi",
            "version": "==1.5.7"
        },
        "colorama": {
            "hashes": [
                "sha256:05eed71e2e327246ad6b38c540c4a3117230b19679b875190486ddd2d721422d",
                "sha256:f8ac84de7840f5b9c4e3347b3c1eaa50f7e49c2b07596221daec5edaabbd7c48"
            ],
            "index": "pypi",
            "version": "==0.4.1"
        },
        "decorator": {
            "hashes": [
                "sha256:86156361c50488b84a3f148056ea716ca587df2f0de1d34750d35c21312725de",
                "sha256:f069f3a01830ca754ba5258fde2278454a0b5b79e0d7f5c13b3b97e57d4acff6"
            ],
            "index": "pypi",
            "version": "==4.4.0"
        },
        "enum-compat": {
            "hashes": [
                "sha256:939ceff18186a5762ae4db9fa7bfe017edbd03b66526b798dd8245394c8a4192"
            ],
            "index": "pypi",
            "version": "==0.0.2"
        },
        "futures": {
            "hashes": [
                "sha256:51ecb45f0add83c806c68e4b06106f90db260585b25ef2abfcda0bd95c0132fd",
                "sha256:c4884a65654a7c45435063e14ae85280eb1f111d94e542396717ba9828c4337f"
            ],
            "index": "pypi",
            "version": "==3.1.1"
        },
        "lz4": {
            "hashes": [
                "sha256:031fb6aa1e65afa1d6b4f0e8d619f983f779b260bf0b9a889aceefc8cde26ce6",
                "sha256:03e0ac0ef9b8fab9db68f7ab535f345031f477c66526665b4df07a97d5287657",
                "sha256:111382c17aae8f0724729a314ed27d73c254d09afdc71052d3b990b7b6f7f9ec",
                "sha256:1351b35f764d277ba4c6d505f94c25d45cb2ace6ff470523efb3ef5d2db2996a",
                "sha256:2e709d221f349a4affd6d379634e97d1ea11c922ec5f1f04c456fbdcc4ef73ff",
                "sha256:2ec4d07683641cbbf6c31c978a09a5bf92f7a6a721b68f4b812d883818b58503",
                "sha256:3c03f6b52b136a61b3168e875753a60d171a3efbab3601d66402a78dd20de4d2",
                "sha256:3e440348be1e5dbb50c887c3fa6d9ea900604d8e790a198f966b7d7a4c338903",
                "sha256:5054c0aefcd8fca2620d06c17991f5f4656371c42352c105e07bd7d50ff4222f",
                "sha256:5b4c08b95e80001be32cf515ab614a8f34dc0d7adbdb711aadd1fd43f8bccc75",
                "sha256:708808f9f3f0aebdfc23832a48f5d28d65ca5f631742b3204feb31bc24376db2",
                "sha256:721a24c309d754ff9f1bd92dc18256492b2ff2a78701e4984386f112edba39d9",
                "sha256:72eab726d9c8d3ac7431cbd9949586b940115aa3859146327532f1b3da7b7a79",
                "sha256:733baed3d41992904ae384b7a3ac90d39c245ae79fb282dadcc359100300aacb",
                "sha256:7bd1a4af2da06698e1c88004c087cff487ff7832d2a26d31bc6f037cd669d9d7",
                "sha256:7d9641446d6031f8fd3e07723ac524669533b660425681c2a521262f529643e5",
                "sha256:890862c500317cd87c224802dc140dbdce2c0570cf7d778987db16cfd8cafa1e",
                "sha256:8fae62b3b1ce4598de091dab68f79afd402c52597e67ba09ca630c8172dce4c3",
                "sha256:952b6f199a267c38f7d1d15ef45d99e74c3569470c79c50a5363bd041ac542fe",
                "sha256:a07aab2d73b756d8bf50916ebb237bda06dea896ded28092ed8a75d1ee6825ec",
                "sha256:a6f85d25bd824c469b45eb53535eb0ea66e7d379446753b1044fc0183735408a",
                "sha256:b82d2c3d3fb194611138e8073ddcadd890cd0e8682037347ac0b547d42e2d29c",
                "sha256:b9f1ffc80da042cce262664406deca225fecb3a15c79480199c0d10685d59780",
                "sha256:ca7ccf72f1f7bbdfd8ae758e3965408fadcae760eda8122195efd87d9a2652d8",
                "sha256:ec7aedcd81da741861bac78eb735b48cc09ac66c950a9c89a3ecebcfd3c1ae7b",
                "sha256:f5755e2b3f30d046c2222e9a94a19aad9f1a90f1efcffe4de222568d2e93c7fc",
                "sha256:fe213ae1c028f513bfc2b49840cb0e319364b591abb6f4bcd2b4b4926910031f",
                "sha256:fe6e117d86f576452eee658c545ebaa039e1c168412443d1216057c32f4fcf88"
            ],
            "index": "pypi",
            "version": "==2.1.6"
        },
        "mockextras": {
            "hashes": [
                "sha256:09b77b91a9bffd475eaaeb631628bdfd9a7e3eed31d235290614bb38c7979692",
                "sha256:0a9038d8c1d9a08a69c2f6b8440fc6d7749e10dd79af9df57ba8962c0264ae8e",
                "sha256:131c2179bcf89944d61d6a87c7ac57328768f2b634d08cddba540dbdef90631a",
                "sha256:704c15f96707a61f73fa145e1ee3c149030a4635571b9cfdc63cc4304dbae6f7"
            ],
            "index": "pypi",
            "version": "==1.0.2"
        },
        "numpy": {
            "hashes": [
                "sha256:0e2eed77804b2a6a88741f8fcac02c5499bba3953ec9c71e8b217fad4912c56c",
                "sha256:1c666f04553ef70fda54adf097dbae7080645435fc273e2397f26bbf1d127bbb",
                "sha256:1f46532afa7b2903bfb1b79becca2954c0a04389d19e03dc73f06b039048ac40",
                "sha256:315fa1b1dfc16ae0f03f8fd1c55f23fd15368710f641d570236f3d78af55e340",
                "sha256:3d5fcea4f5ed40c3280791d54da3ad2ecf896f4c87c877b113576b8280c59441",
                "sha256:48241759b99d60aba63b0e590332c600fc4b46ad597c9b0a53f350b871ef0634",
                "sha256:4b4f2924b36d857cf302aec369caac61e43500c17eeef0d7baacad1084c0ee84",
                "sha256:54fe3b7ed9e7eb928bbc4318f954d133851865f062fa4bbb02ef8940bc67b5d2",
                "sha256:5a8f021c70e6206c317974c93eaaf9bc2b56295b6b1cacccf88846e44a1f33fc",
                "sha256:754a6be26d938e6ca91942804eb209307b73f806a1721176278a6038869a1686",
                "sha256:771147e654e8b95eea1293174a94f34e2e77d5729ad44aefb62fbf8a79747a15",
                "sha256:78a6f89da87eeb48014ec652a65c4ffde370c036d780a995edaeb121d3625621",
                "sha256:7fde5c2a3a682a9e101e61d97696687ebdba47637611378b4127fe7e47fdf2bf",
                "sha256:80d99399c97f646e873dd8ce87c38cfdbb668956bbc39bc1e6cac4b515bba2a0",
                "sha256:88a72c1e45a0ae24d1f249a529d9f71fe82e6fa6a3fd61414b829396ec585900",
                "sha256:a4f4460877a16ac73302a9c077ca545498d9fe64e6a81398d8e1a67e4695e3df",
                "sha256:a61255a765b3ac73ee4b110b28fccfbf758c985677f526c2b4b39c48cc4b509d",
                "sha256:ab4896a8c910b9a04c0142871d8800c76c8a2e5ff44763513e1dd9d9631ce897",
                "sha256:abbd6b1c2ef6199f4b7ca9f818eb6b31f17b73a6110aadc4e4298c3f00fab24e",
                "sha256:b16d88da290334e33ea992c56492326ea3b06233a00a1855414360b77ca72f26",
                "sha256:b78a1defedb0e8f6ae1eb55fa6ac74ab42acc4569c3a2eacc2a407ee5d42ebcb",
                "sha256:cfef82c43b8b29ca436560d51b2251d5117818a8d1fb74a8384a83c096745dad",
                "sha256:d160e57731fcdec2beda807ebcabf39823c47e9409485b5a3a1db3a8c6ce763e"
            ],
            "index": "pypi",
            "version": "==1.16.3"
        },
        "pandas": {
            "hashes": [
                "sha256:071e42b89b57baa17031af8c6b6bbd2e9a5c68c595bc6bf9adabd7a9ed125d3b",
                "sha256:17450e25ae69e2e6b303817bdf26b2cd57f69595d8550a77c308be0cd0fd58fa",
                "sha256:17916d818592c9ec891cbef2e90f98cc85e0f1e89ed0924c9b5220dc3209c846",
                "sha256:2538f099ab0e9f9c9d09bbcd94b47fd889bad06dc7ae96b1ed583f1dc1a7a822",
                "sha256:366f30710172cb45a6b4f43b66c220653b1ea50303fbbd94e50571637ffb9167",
                "sha256:42e5ad741a0d09232efbc7fc648226ed93306551772fc8aecc6dce9f0e676794",
                "sha256:4e718e7f395ba5bfe8b6f6aaf2ff1c65a09bb77a36af6394621434e7cc813204",
                "sha256:4f919f409c433577a501e023943e582c57355d50a724c589e78bc1d551a535a2",
                "sha256:4fe0d7e6438212e839fc5010c78b822664f1a824c0d263fd858f44131d9166e2",
                "sha256:5149a6db3e74f23dc3f5a216c2c9ae2e12920aa2d4a5b77e44e5b804a5f93248",
                "sha256:627594338d6dd995cfc0bacd8e654cd9e1252d2a7c959449228df6740d737eb8",
                "sha256:83c702615052f2a0a7fb1dd289726e29ec87a27272d775cb77affe749cca28f8",
                "sha256:8c872f7fdf3018b7891e1e3e86c55b190e6c5cee70cab771e8f246c855001296",
                "sha256:90f116086063934afd51e61a802a943826d2aac572b2f7d55caaac51c13db5b5",
                "sha256:a3352bacac12e1fc646213b998bce586f965c9d431773d9e91db27c7c48a1f7d",
                "sha256:bcdd06007cca02d51350f96debe51331dec429ac8f93930a43eb8fb5639e3eb5",
                "sha256:c1bd07ebc15285535f61ddd8c0c75d0d6293e80e1ee6d9a8d73f3f36954342d0",
                "sha256:c9a4b7c55115eb278c19aa14b34fcf5920c8fe7797a09b7b053ddd6195ea89b3",
                "sha256:cc8fc0c7a8d5951dc738f1c1447f71c43734244453616f32b8aa0ef6013a5dfb",
                "sha256:d7b460bc316064540ce0c41c1438c416a40746fd8a4fb2999668bf18f3c4acf1"
            ],
            "index": "pypi",
            "version": "==0.24.2"
        },
        "pymongo": {
            "hashes": [
                "sha256:32421df60d06f479d71b6b539642e410ece3006e8910688e68df962c8eb40a21",
                "sha256:324b22a8443e11faca44c96b20e7ec8a9e59a1e664457edeeb4f796080b31cde",
                "sha256:4505ff8b7923dd7a8bed1bf25c9c4d0df5ab0b8b2821f2296533f2149a55f401",
                "sha256:460b224681ea711e48e3638d15be2249024031b7dcb9622ba19c2e85bd5a26cc",
                "sha256:47473b70c5f3cd5ddd2c49ab3b9ceafdafbbed5bc963f147df22a9343d7978f5",
                "sha256:49375839af76834e9c5c3cc78c78386873fd0b2ad9a0860a7dc4ec9fe73af9dd",
                "sha256:4a65f0f71ece86c860d30a1436b646db8ea32aec518845ef2903ca569faec32e",
                "sha256:530621906c5dd6d27305b39c4e017701e5f4299aa68b93cde70eb985f94ca26f",
                "sha256:54f4770b5810e8dc3cbeed675874195f02bb2bc4e95a9d665068edfb3baff4f7",
                "sha256:5ed9382410e938b0ff76041c34018210504729a83bcf4f6a70c7092c28169f6f",
                "sha256:61cad83637ae12c1c825130d7f9325cd6c162e3a64e8747a8144866020be3ff4",
                "sha256:61e8e1c58b4fdf47ab79b7c7db8bb022c1e40b3b5fcbbaeea5fc94dc5c75638d",
                "sha256:6e04e496af7d156b66cce70460011c621ecbadf5dcdce325c7acbb3cd6ea245d",
                "sha256:7ef89ec435e89da902451dde6845066fe2770befaf0301fe2a1ac426b51fced3",
                "sha256:854e8425e5eb775ccfffad04ecd094c99923d60a2c2d49babb5c435e836a91fa",
                "sha256:9569796d48498e4db4e1d56284b626a8ed15f641ce3a8b2085f06bb03f4c2c88",
                "sha256:9d50c99c6388863cbfdc5db9bad62e3a7c2e5fc151554a07c7f3c2530334a34f",
                "sha256:9ea016c2c011df21f77c1f806ce45129a344ba2d414bd50f9e065b13a4a134be",
                "sha256:a8421f0823174888fb12a5fa675322e756499d71e77ff712b4412d4b8f3c6503",
                "sha256:aef7d88384ada699976350a285c7a333f96ebc959e98e7d2c98589f47bbf3b7f",
                "sha256:b4d7ff9957ee770cf03bd7156a68a2f2e838e60712d9608eadc8741c15d01e72",
                "sha256:c1db85c39e6a60588f855dbc7bd68fb0dab796096148ab5aa4abecaff19e1c6e",
                "sha256:cee2fc0b94e66e7230da12fc4b3d34793c49957e16ee04f6468a94e264a1e41d",
                "sha256:cf1dea28379a16b23e47db312883f07b3ba8d9d6abc1c59e51d4c8ae1820ab43",
                "sha256:d1cd175df7c8b5fc976bade78bf4d9fb5aa7ab465c0f59931e380bbe188ef8fc",
                "sha256:d48a94edf3cdd34524936a72ea01b352682b337f33a42db10ba29a96c37147d3",
                "sha256:d9cc103a4e97f78bc77a1d72759ab3722f6cdf0374ad4fb4b0c53bd3238bdf98",
                "sha256:fcb9ae8aa9158106c5d98a4349ec0d90b68f052d620b2d24622ba03b91e4d81d"
            ],
            "index": "pypi",
            "version": "==3.8.0"
        },
        "python-dateutil": {
            "hashes": [
                "sha256:7e6584c74aeed623791615e26efd690f29817a27c73085b78e4bad02493df2fb",
                "sha256:c89805f6f4d64db21ed966fda138f8a5ed7a4fdbc1a8ee329ce1b74e3c74da9e"
            ],
            "index": "pypi",
            "version": "==2.8.0"
        },
        "pytz": {
            "hashes": [
                "sha256:303879e36b721603cc54604edcac9d20401bdbe31e1e4fdee5b9f98d5d31dfda",
                "sha256:d747dd3d23d77ef44c6a3526e274af6efeb0a6f1afd5a69ba4d5be4098c8e141"
            ],
            "index": "pypi",
            "version": "==2019.1"
        },
        "six": {
            "hashes": [
                "sha256:3350809f0555b11f552448330d0b52d5f24c91a322ea4a15ef22629740f3761c",
                "sha256:d16a0141ec1a18405cd4ce8b4613101da75da0e9a7aec5bdd4fa804d0e0eba73"
            ],
            "index": "pypi",
            "version": "==1.12.0"
        },
        "tzlocal": {
            "hashes": [
                "sha256:4ebeb848845ac898da6519b9b31879cf13b6626f7184c496037b818e238f2c4e"
            ],
            "index": "pypi",
            "version": "==1.5.1"
        }
    },
    "develop": {}
}
